
Microsoft Visual Studio Solution File, Format Version 12.00
# Visual Studio 15
VisualStudioVersion = 15.0.27004.2002
MinimumVisualStudioVersion = 10.0.40219.1
Project("{FAE04EC0-301F-11D3-BF4B-00C04F79EFBC}") = "RandomchaosMGBase", "RandomchaosMGBase\RandomchaosMGBase.csproj", "{8AC31ED1-B01B-4E3B-824A-D98430B5DC23}"
EndProject
Project("{2150E333-8FDC-42A3-9474-1A3956D46DE8}") = "Sandboxs", "Sandboxs", "{5D791364-FEA6-4CB3-95DA-055B292F5306}"
EndProject
Project("{FAE04EC0-301F-11D3-BF4B-00C04F79EFBC}") = "RandomchaosMGUIBaseSandBox", "Sandboxs\RandomchaosMGUIBaseSandBox\RandomchaosMGUIBaseSandBox.csproj", "{4A78CF04-AB0A-45CB-815F-A81648EF3F46}"
EndProject
Project("{FAE04EC0-301F-11D3-BF4B-00C04F79EFBC}") = "RandomchaosMGUIBase", "RandomchaosMGUIBase\RandomchaosMGUIBase.csproj", "{5ABAE2EE-2003-4FC7-85CD-BBED0E66D99D}"
EndProject
Project("{FAE04EC0-301F-11D3-BF4B-00C04F79EFBC}") = "RandomchaosMGPostProcessingSandBox", "Sandboxs\RandomchaosMGPostProcessingSandBox\RandomchaosMGPostProcessingSandBox.csproj", "{7C66B327-F412-4AD3-9B31-B324E1161461}"
EndProject
Project("{2150E333-8FDC-42A3-9474-1A3956D46DE8}") = "Terrain", "Terrain", "{506258E5-3FDE-4A11-AB8E-D02BED3531D6}"
EndProject
Project("{FAE04EC0-301F-11D3-BF4B-00C04F79EFBC}") = "RandomchaosGeoClipMapping", "Sandboxs\Terrain\RandomchaosGeoClipMapping\RandomchaosGeoClipMapping.csproj", "{478122A6-1F35-4A23-8B96-D5FAF77EF131}"
EndProject
Project("{FAE04EC0-301F-11D3-BF4B-00C04F79EFBC}") = "RandomchaosMGRayPicking", "Sandboxs\RandomchaosMGRayPicking\RandomchaosMGRayPicking.csproj", "{03303D5C-5D8F-4B09-8F6E-BA26A3980797}"
EndProject
Project("{FAE04EC0-301F-11D3-BF4B-00C04F79EFBC}") = "RandomchaosBasicTerrain", "Sandboxs\Terrain\RandomchaosBasicTerrain\RandomchaosBasicTerrain.csproj", "{2CA04BDA-C4B4-4E91-9756-9B2FABCBAEAC}"
EndProject
Project("{2150E333-8FDC-42A3-9474-1A3956D46DE8}") = "XNA Blog Ports", "XNA Blog Ports", "{648484BF-CD5F-403F-94E9-0941105F9B50}"
EndProject
Project("{FAE04EC0-301F-11D3-BF4B-00C04F79EFBC}") = "RandomchaosMGBasicWater", "Sandboxs\XNA Blog Ports\RandomchaosMGBasicWater\RandomchaosMGBasicWater.csproj", "{0E12F12C-ABD9-4666-9142-2978F37ABA3D}"
EndProject
Project("{FAE04EC0-301F-11D3-BF4B-00C04F79EFBC}") = "RandomchaosMGSkySphere", "Sandboxs\XNA Blog Ports\RandomchaosMGSkySphere\RandomchaosMGSkySphere.csproj", "{D8B50A45-D87E-499B-AF24-073FAD23670E}"
EndProject
Project("{FAE04EC0-301F-11D3-BF4B-00C04F79EFBC}") = "RandomchaosMGLightAndShade", "Sandboxs\XNA Blog Ports\RaandomchaosMGLightAndShade\RandomchaosMGLightAndShade.csproj", "{4BA7DE28-86D3-47AF-9955-E3342B679FAC}"
EndProject
Project("{2150E333-8FDC-42A3-9474-1A3956D46DE8}") = "XNAXNBAssets", "XNAXNBAssets", "{593F7F46-3006-4747-BCFB-335E1A6D1BB6}"
EndProject
Project("{2150E333-8FDC-42A3-9474-1A3956D46DE8}") = "Models", "Models", "{BE3B18EE-8968-41CA-AB75-2D2188B4C490}"
	ProjectSection(SolutionItems) = preProject
		XNAXNAAssets\Models\skullocc.xnb = XNAXNAAssets\Models\skullocc.xnb
		XNAXNAAssets\Models\teapot.xnb = XNAXNAAssets\Models\teapot.xnb
	EndProjectSection
EndProject
Project("{FAE04EC0-301F-11D3-BF4B-00C04F79EFBC}") = "RandomchaosMGFire", "Sandboxs\XNA Blog Ports\RandomchaosMGFire\RandomchaosMGFire.csproj", "{BE3AFF7F-153D-4253-A910-EC5DDF41CCAE}"
EndProject
Global
	GlobalSection(SolutionConfigurationPlatforms) = preSolution
		Debug|Any CPU = Debug|Any CPU
		Debug|x86 = Debug|x86
		Release|Any CPU = Release|Any CPU
		Release|x86 = Release|x86
	EndGlobalSection
	GlobalSection(ProjectConfigurationPlatforms) = postSolution
		{8AC31ED1-B01B-4E3B-824A-D98430B5DC23}.Debug|Any CPU.ActiveCfg = Debug|Any CPU
		{8AC31ED1-B01B-4E3B-824A-D98430B5DC23}.Debug|Any CPU.Build.0 = Debug|Any CPU
		{8AC31ED1-B01B-4E3B-824A-D98430B5DC23}.Debug|x86.ActiveCfg = Debug|Any CPU
		{8AC31ED1-B01B-4E3B-824A-D98430B5DC23}.Debug|x86.Build.0 = Debug|Any CPU
		{8AC31ED1-B01B-4E3B-824A-D98430B5DC23}.Release|Any CPU.ActiveCfg = Release|Any CPU
		{8AC31ED1-B01B-4E3B-824A-D98430B5DC23}.Release|Any CPU.Build.0 = Release|Any CPU
		{8AC31ED1-B01B-4E3B-824A-D98430B5DC23}.Release|x86.ActiveCfg = Release|Any CPU
		{8AC31ED1-B01B-4E3B-824A-D98430B5DC23}.Release|x86.Build.0 = Release|Any CPU
		{4A78CF04-AB0A-45CB-815F-A81648EF3F46}.Debug|Any CPU.ActiveCfg = Debug|x86
		{4A78CF04-AB0A-45CB-815F-A81648EF3F46}.Debug|Any CPU.Build.0 = Debug|x86
		{4A78CF04-AB0A-45CB-815F-A81648EF3F46}.Debug|x86.ActiveCfg = Debug|x86
		{4A78CF04-AB0A-45CB-815F-A81648EF3F46}.Debug|x86.Build.0 = Debug|x86
		{4A78CF04-AB0A-45CB-815F-A81648EF3F46}.Release|Any CPU.ActiveCfg = Release|x86
		{4A78CF04-AB0A-45CB-815F-A81648EF3F46}.Release|x86.ActiveCfg = Release|x86
		{4A78CF04-AB0A-45CB-815F-A81648EF3F46}.Release|x86.Build.0 = Release|x86
		{5ABAE2EE-2003-4FC7-85CD-BBED0E66D99D}.Debug|Any CPU.ActiveCfg = Debug|Any CPU
		{5ABAE2EE-2003-4FC7-85CD-BBED0E66D99D}.Debug|Any CPU.Build.0 = Debug|Any CPU
		{5ABAE2EE-2003-4FC7-85CD-BBED0E66D99D}.Debug|x86.ActiveCfg = Debug|Any CPU
		{5ABAE2EE-2003-4FC7-85CD-BBED0E66D99D}.Debug|x86.Build.0 = Debug|Any CPU
		{5ABAE2EE-2003-4FC7-85CD-BBED0E66D99D}.Release|Any CPU.ActiveCfg = Release|Any CPU
		{5ABAE2EE-2003-4FC7-85CD-BBED0E66D99D}.Release|Any CPU.Build.0 = Release|Any CPU
		{5ABAE2EE-2003-4FC7-85CD-BBED0E66D99D}.Release|x86.ActiveCfg = Release|Any CPU
		{5ABAE2EE-2003-4FC7-85CD-BBED0E66D99D}.Release|x86.Build.0 = Release|Any CPU
		{7C66B327-F412-4AD3-9B31-B324E1161461}.Debug|Any CPU.ActiveCfg = Debug|x86
		{7C66B327-F412-4AD3-9B31-B324E1161461}.Debug|Any CPU.Build.0 = Debug|x86
		{7C66B327-F412-4AD3-9B31-B324E1161461}.Debug|x86.ActiveCfg = Debug|x86
		{7C66B327-F412-4AD3-9B31-B324E1161461}.Debug|x86.Build.0 = Debug|x86
		{7C66B327-F412-4AD3-9B31-B324E1161461}.Release|Any CPU.ActiveCfg = Release|x86
		{7C66B327-F412-4AD3-9B31-B324E1161461}.Release|x86.ActiveCfg = Release|x86
		{7C66B327-F412-4AD3-9B31-B324E1161461}.Release|x86.Build.0 = Release|x86
		{478122A6-1F35-4A23-8B96-D5FAF77EF131}.Debug|Any CPU.ActiveCfg = Debug|x86
		{478122A6-1F35-4A23-8B96-D5FAF77EF131}.Debug|Any CPU.Build.0 = Debug|x86
		{478122A6-1F35-4A23-8B96-D5FAF77EF131}.Debug|x86.ActiveCfg = Debug|x86
		{478122A6-1F35-4A23-8B96-D5FAF77EF131}.Debug|x86.Build.0 = Debug|x86
		{478122A6-1F35-4A23-8B96-D5FAF77EF131}.Release|Any CPU.ActiveCfg = Release|x86
		{478122A6-1F35-4A23-8B96-D5FAF77EF131}.Release|x86.ActiveCfg = Release|x86
		{478122A6-1F35-4A23-8B96-D5FAF77EF131}.Release|x86.Build.0 = Release|x86
		{03303D5C-5D8F-4B09-8F6E-BA26A3980797}.Debug|Any CPU.ActiveCfg = Debug|x86
		{03303D5C-5D8F-4B09-8F6E-BA26A3980797}.Debug|Any CPU.Build.0 = Debug|x86
		{03303D5C-5D8F-4B09-8F6E-BA26A3980797}.Debug|x86.ActiveCfg = Debug|x86
		{03303D5C-5D8F-4B09-8F6E-BA26A3980797}.Debug|x86.Build.0 = Debug|x86
		{03303D5C-5D8F-4B09-8F6E-BA26A3980797}.Release|Any CPU.ActiveCfg = Release|x86
		{03303D5C-5D8F-4B09-8F6E-BA26A3980797}.Release|x86.ActiveCfg = Release|x86
		{03303D5C-5D8F-4B09-8F6E-BA26A3980797}.Release|x86.Build.0 = Release|x86
		{2CA04BDA-C4B4-4E91-9756-9B2FABCBAEAC}.Debug|Any CPU.ActiveCfg = Debug|x86
		{2CA04BDA-C4B4-4E91-9756-9B2FABCBAEAC}.Debug|Any CPU.Build.0 = Debug|x86
		{2CA04BDA-C4B4-4E91-9756-9B2FABCBAEAC}.Debug|x86.ActiveCfg = Debug|x86
		{2CA04BDA-C4B4-4E91-9756-9B2FABCBAEAC}.Debug|x86.Build.0 = Debug|x86
		{2CA04BDA-C4B4-4E91-9756-9B2FABCBAEAC}.Release|Any CPU.ActiveCfg = Release|x86
		{2CA04BDA-C4B4-4E91-9756-9B2FABCBAEAC}.Release|x86.ActiveCfg = Release|x86
		{2CA04BDA-C4B4-4E91-9756-9B2FABCBAEAC}.Release|x86.Build.0 = Release|x86
		{0E12F12C-ABD9-4666-9142-2978F37ABA3D}.Debug|Any CPU.ActiveCfg = Debug|x86
		{0E12F12C-ABD9-4666-9142-2978F37ABA3D}.Debug|Any CPU.Build.0 = Debug|x86
		{0E12F12C-ABD9-4666-9142-2978F37ABA3D}.Debug|x86.ActiveCfg = Debug|x86
		{0E12F12C-ABD9-4666-9142-2978F37ABA3D}.Debug|x86.Build.0 = Debug|x86
		{0E12F12C-ABD9-4666-9142-2978F37ABA3D}.Release|Any CPU.ActiveCfg = Release|x86
		{0E12F12C-ABD9-4666-9142-2978F37ABA3D}.Release|x86.ActiveCfg = Release|x86
		{0E12F12C-ABD9-4666-9142-2978F37ABA3D}.Release|x86.Build.0 = Release|x86
		{D8B50A45-D87E-499B-AF24-073FAD23670E}.Debug|Any CPU.ActiveCfg = Debug|x86
		{D8B50A45-D87E-499B-AF24-073FAD23670E}.Debug|Any CPU.Build.0 = Debug|x86
		{D8B50A45-D87E-499B-AF24-073FAD23670E}.Debug|x86.ActiveCfg = Debug|x86
		{D8B50A45-D87E-499B-AF24-073FAD23670E}.Debug|x86.Build.0 = Debug|x86
		{D8B50A45-D87E-499B-AF24-073FAD23670E}.Release|Any CPU.ActiveCfg = Release|x86
		{D8B50A45-D87E-499B-AF24-073FAD23670E}.Release|x86.ActiveCfg = Release|x86
		{D8B50A45-D87E-499B-AF24-073FAD23670E}.Release|x86.Build.0 = Release|x86
		{4BA7DE28-86D3-47AF-9955-E3342B679FAC}.Debug|Any CPU.ActiveCfg = Debug|x86
		{4BA7DE28-86D3-47AF-9955-E3342B679FAC}.Debug|Any CPU.Build.0 = Debug|x86
		{4BA7DE28-86D3-47AF-9955-E3342B679FAC}.Debug|x86.ActiveCfg = Debug|x86
		{4BA7DE28-86D3-47AF-9955-E3342B679FAC}.Debug|x86.Build.0 = Debug|x86
		{4BA7DE28-86D3-47AF-9955-E3342B679FAC}.Release|Any CPU.ActiveCfg = Release|x86
		{4BA7DE28-86D3-47AF-9955-E3342B679FAC}.Release|x86.ActiveCfg = Release|x86
		{4BA7DE28-86D3-47AF-9955-E3342B679FAC}.Release|x86.Build.0 = Release|x86
		{BE3AFF7F-153D-4253-A910-EC5DDF41CCAE}.Debug|Any CPU.ActiveCfg = Debug|x86
		{BE3AFF7F-153D-4253-A910-EC5DDF41CCAE}.Debug|Any CPU.Build.0 = Debug|x86
		{BE3AFF7F-153D-4253-A910-EC5DDF41CCAE}.Debug|x86.ActiveCfg = Debug|x86
		{BE3AFF7F-153D-4253-A910-EC5DDF41CCAE}.Debug|x86.Build.0 = Debug|x86
		{BE3AFF7F-153D-4253-A910-EC5DDF41CCAE}.Release|Any CPU.ActiveCfg = Release|x86
		{BE3AFF7F-153D-4253-A910-EC5DDF41CCAE}.Release|x86.ActiveCfg = Release|x86
		{BE3AFF7F-153D-4253-A910-EC5DDF41CCAE}.Release|x86.Build.0 = Release|x86
	EndGlobalSection
	GlobalSection(SolutionProperties) = preSolution
		HideSolutionNode = FALSE
	EndGlobalSection
	GlobalSection(NestedProjects) = preSolution
		{4A78CF04-AB0A-45CB-815F-A81648EF3F46} = {5D791364-FEA6-4CB3-95DA-055B292F5306}
		{7C66B327-F412-4AD3-9B31-B324E1161461} = {5D791364-FEA6-4CB3-95DA-055B292F5306}
		{506258E5-3FDE-4A11-AB8E-D02BED3531D6} = {5D791364-FEA6-4CB3-95DA-055B292F5306}
		{478122A6-1F35-4A23-8B96-D5FAF77EF131} = {506258E5-3FDE-4A11-AB8E-D02BED3531D6}
		{03303D5C-5D8F-4B09-8F6E-BA26A3980797} = {5D791364-FEA6-4CB3-95DA-055B292F5306}
		{2CA04BDA-C4B4-4E91-9756-9B2FABCBAEAC} = {506258E5-3FDE-4A11-AB8E-D02BED3531D6}
		{648484BF-CD5F-403F-94E9-0941105F9B50} = {5D791364-FEA6-4CB3-95DA-055B292F5306}
		{0E12F12C-ABD9-4666-9142-2978F37ABA3D} = {648484BF-CD5F-403F-94E9-0941105F9B50}
		{D8B50A45-D87E-499B-AF24-073FAD23670E} = {648484BF-CD5F-403F-94E9-0941105F9B50}
		{4BA7DE28-86D3-47AF-9955-E3342B679FAC} = {648484BF-CD5F-403F-94E9-0941105F9B50}
		{BE3B18EE-8968-41CA-AB75-2D2188B4C490} = {593F7F46-3006-4747-BCFB-335E1A6D1BB6}
		{BE3AFF7F-153D-4253-A910-EC5DDF41CCAE} = {648484BF-CD5F-403F-94E9-0941105F9B50}
	EndGlobalSection
	GlobalSection(ExtensibilityGlobals) = postSolution
		SolutionGuid = {7E75E3A8-AD26-4818-AD83-243C17C79F04}
	EndGlobalSection
EndGlobal
